
Microsoft Visual Studio Solution File, Format Version 12.00
# Visual Studio Version 17
VisualStudioVersion = 17.14.36717.8 d17.14
MinimumVisualStudioVersion = 10.0.40219.1
Project("{FAE04EC0-301F-11D3-BF4B-00C04F79EFBC}") = "FolderSynchronizer", "FolderSynchronizer.csproj", "{4B21228B-A7AB-4326-B236-41B7B6D5AE31}"
EndProject
Global
	GlobalSection(SolutionConfigurationPlatforms) = preSolution
		Debug|Any CPU = Debug|Any CPU
		Release|Any CPU = Release|Any CPU
	EndGlobalSection
	GlobalSection(ProjectConfigurationPlatforms) = postSolution
		{4B21228B-A7AB-4326-B236-41B7B6D5AE31}.Debug|Any CPU.ActiveCfg = Debug|Any CPU
		{4B21228B-A7AB-4326-B236-41B7B6D5AE31}.Debug|Any CPU.Build.0 = Debug|Any CPU
		{4B21228B-A7AB-4326-B236-41B7B6D5AE31}.Release|Any CPU.ActiveCfg = Release|Any CPU
		{4B21228B-A7AB-4326-B236-41B7B6D5AE31}.Release|Any CPU.Build.0 = Release|Any CPU
	EndGlobalSection
	GlobalSection(SolutionProperties) = preSolution
		HideSolutionNode = FALSE
	EndGlobalSection
	GlobalSection(ExtensibilityGlobals) = postSolution
		SolutionGuid = {D4EBE653-D8E6-4E5E-A50C-C71D07A47709}
	EndGlobalSection
EndGlobal
